
Microsoft Visual Studio Solution File, Format Version 12.00
# Visual Studio Version 17
VisualStudioVersion = 17.9.34723.18
MinimumVisualStudioVersion = 10.0.40219.1
Project("{9A19103F-16F7-4668-BE54-9A1E7A4F7556}") = "SignalR.WebApi", "SignalR.WebApi\SignalR.WebApi.csproj", "{D787AF83-9020-4B75-8D9F-ACFEB4E34FA1}"
EndProject
Project("{9A19103F-16F7-4668-BE54-9A1E7A4F7556}") = "SignalR.Application", "SignalR.Application\SignalR.Application.csproj", "{A80EF998-ABE9-498E-A060-7B9AAF0111E6}"
EndProject
Project("{9A19103F-16F7-4668-BE54-9A1E7A4F7556}") = "SignalR.Core", "SignalR.Core\SignalR.Core.csproj", "{65D18A5D-D897-47EE-B0C3-42E64C55557D}"
EndProject
Project("{9A19103F-16F7-4668-BE54-9A1E7A4F7556}") = "SignalR.Infrastructure", "SignalR.Infrastructure\SignalR.Infrastructure.csproj", "{67E1C90E-75AB-4FD5-AE8E-52C9198BA84C}"
EndProject
Project("{FAE04EC0-301F-11D3-BF4B-00C04F79EFBC}") = "SignalR.WebUI", "SignalR.WebUI\SignalR.WebUI.csproj", "{E3F89E87-0AFA-4F11-B4F1-4FF4E5C98947}"
EndProject
Global
	GlobalSection(SolutionConfigurationPlatforms) = preSolution
		Debug|Any CPU = Debug|Any CPU
		Release|Any CPU = Release|Any CPU
	EndGlobalSection
	GlobalSection(ProjectConfigurationPlatforms) = postSolution
		{D787AF83-9020-4B75-8D9F-ACFEB4E34FA1}.Debug|Any CPU.ActiveCfg = Debug|Any CPU
		{D787AF83-9020-4B75-8D9F-ACFEB4E34FA1}.Debug|Any CPU.Build.0 = Debug|Any CPU
		{D787AF83-9020-4B75-8D9F-ACFEB4E34FA1}.Release|Any CPU.ActiveCfg = Release|Any CPU
		{D787AF83-9020-4B75-8D9F-ACFEB4E34FA1}.Release|Any CPU.Build.0 = Release|Any CPU
		{A80EF998-ABE9-498E-A060-7B9AAF0111E6}.Debug|Any CPU.ActiveCfg = Debug|Any CPU
		{A80EF998-ABE9-498E-A060-7B9AAF0111E6}.Debug|Any CPU.Build.0 = Debug|Any CPU
		{A80EF998-ABE9-498E-A060-7B9AAF0111E6}.Release|Any CPU.ActiveCfg = Release|Any CPU
		{A80EF998-ABE9-498E-A060-7B9AAF0111E6}.Release|Any CPU.Build.0 = Release|Any CPU
		{65D18A5D-D897-47EE-B0C3-42E64C55557D}.Debug|Any CPU.ActiveCfg = Debug|Any CPU
		{65D18A5D-D897-47EE-B0C3-42E64C55557D}.Debug|Any CPU.Build.0 = Debug|Any CPU
		{65D18A5D-D897-47EE-B0C3-42E64C55557D}.Release|Any CPU.ActiveCfg = Release|Any CPU
		{65D18A5D-D897-47EE-B0C3-42E64C55557D}.Release|Any CPU.Build.0 = Release|Any CPU
		{67E1C90E-75AB-4FD5-AE8E-52C9198BA84C}.Debug|Any CPU.ActiveCfg = Debug|Any CPU
		{67E1C90E-75AB-4FD5-AE8E-52C9198BA84C}.Debug|Any CPU.Build.0 = Debug|Any CPU
		{67E1C90E-75AB-4FD5-AE8E-52C9198BA84C}.Release|Any CPU.ActiveCfg = Release|Any CPU
		{67E1C90E-75AB-4FD5-AE8E-52C9198BA84C}.Release|Any CPU.Build.0 = Release|Any CPU
		{E3F89E87-0AFA-4F11-B4F1-4FF4E5C98947}.Debug|Any CPU.ActiveCfg = Debug|Any CPU
		{E3F89E87-0AFA-4F11-B4F1-4FF4E5C98947}.Debug|Any CPU.Build.0 = Debug|Any CPU
		{E3F89E87-0AFA-4F11-B4F1-4FF4E5C98947}.Release|Any CPU.ActiveCfg = Release|Any CPU
		{E3F89E87-0AFA-4F11-B4F1-4FF4E5C98947}.Release|Any CPU.Build.0 = Release|Any CPU
	EndGlobalSection
	GlobalSection(SolutionProperties) = preSolution
		HideSolutionNode = FALSE
	EndGlobalSection
	GlobalSection(ExtensibilityGlobals) = postSolution
		SolutionGuid = {CF956919-DD7A-4306-A38B-85568C64DA52}
	EndGlobalSection
EndGlobal
